
Microsoft Visual Studio Solution File, Format Version 12.00
# Visual Studio Version 16
VisualStudioVersion = 16.0.29613.14
MinimumVisualStudioVersion = 10.0.40219.1
Project("{8BC9CEB8-8B4A-11D0-8D11-00A0C91BC942}") = "Server", "Server\Server.vcxproj", "{19CB7328-9BD9-4CCF-AA57-9271695E4A3A}"
EndProject
Global
	GlobalSection(SolutionConfigurationPlatforms) = preSolution
		Debug|x64 = Debug|x64
		Debug|x86 = Debug|x86
		Release|x64 = Release|x64
		Release|x86 = Release|x86
	EndGlobalSection
	GlobalSection(ProjectConfigurationPlatforms) = postSolution
		{19CB7328-9BD9-4CCF-AA57-9271695E4A3A}.Debug|x64.ActiveCfg = Debug|x64
		{19CB7328-9BD9-4CCF-AA57-9271695E4A3A}.Debug|x64.Build.0 = Debug|x64
		{19CB7328-9BD9-4CCF-AA57-9271695E4A3A}.Debug|x86.ActiveCfg = Debug|Win32
		{19CB7328-9BD9-4CCF-AA57-9271695E4A3A}.Debug|x86.Build.0 = Debug|Win32
		{19CB7328-9BD9-4CCF-AA57-9271695E4A3A}.Release|x64.ActiveCfg = Release|x64
		{19CB7328-9BD9-4CCF-AA57-9271695E4A3A}.Release|x64.Build.0 = Release|x64
		{19CB7328-9BD9-4CCF-AA57-9271695E4A3A}.Release|x86.ActiveCfg = Release|Win32
		{19CB7328-9BD9-4CCF-AA57-9271695E4A3A}.Release|x86.Build.0 = Release|Win32
	EndGlobalSection
	GlobalSection(SolutionProperties) = preSolution
		HideSolutionNode = FALSE
	EndGlobalSection
	GlobalSection(ExtensibilityGlobals) = postSolution
		SolutionGuid = {1FD3A926-3B5F-4574-9BA8-C00BAE4966B6}
	EndGlobalSection
EndGlobal
